
Microsoft Visual Studio Solution File, Format Version 12.00
# Visual Studio 2012
Project("{FAE04EC0-301F-11D3-BF4B-00C04F79EFBC}") = "FaceDetector", "FaceDetector\FaceDetector.csproj", "{8AD57C48-FC79-492A-BB0A-E0ED7E6E16E0}"
EndProject
Global
	GlobalSection(SolutionConfigurationPlatforms) = preSolution
		Debug|iPhoneSimulator = Debug|iPhoneSimulator
		Release|iPhone = Release|iPhone
		Release|iPhoneSimulator = Release|iPhoneSimulator
		Debug|iPhone = Debug|iPhone
	EndGlobalSection
	GlobalSection(ProjectConfigurationPlatforms) = postSolution
		{8AD57C48-FC79-492A-BB0A-E0ED7E6E16E0}.Debug|iPhoneSimulator.ActiveCfg = Debug|iPhoneSimulator
		{8AD57C48-FC79-492A-BB0A-E0ED7E6E16E0}.Debug|iPhoneSimulator.Build.0 = Debug|iPhoneSimulator
		{8AD57C48-FC79-492A-BB0A-E0ED7E6E16E0}.Release|iPhone.ActiveCfg = Release|iPhone
		{8AD57C48-FC79-492A-BB0A-E0ED7E6E16E0}.Release|iPhone.Build.0 = Release|iPhone
		{8AD57C48-FC79-492A-BB0A-E0ED7E6E16E0}.Release|iPhoneSimulator.ActiveCfg = Release|iPhoneSimulator
		{8AD57C48-FC79-492A-BB0A-E0ED7E6E16E0}.Release|iPhoneSimulator.Build.0 = Release|iPhoneSimulator
		{8AD57C48-FC79-492A-BB0A-E0ED7E6E16E0}.Debug|iPhone.ActiveCfg = Debug|iPhone
		{8AD57C48-FC79-492A-BB0A-E0ED7E6E16E0}.Debug|iPhone.Build.0 = Debug|iPhone
	EndGlobalSection
EndGlobal
